
Microsoft Visual Studio Solution File, Format Version 12.00
# Visual Studio Version 16
VisualStudioVersion = 16.0.31205.134
MinimumVisualStudioVersion = 10.0.40219.1
Project("{9A19103F-16F7-4668-BE54-9A1E7A4F7556}") = "LatestConversations.API", "LatestConversations.API\LatestConversations.API.csproj", "{1C1D29AE-3657-431F-9172-5FA6875E77C9}"
EndProject
Project("{9A19103F-16F7-4668-BE54-9A1E7A4F7556}") = "LatestConversations.DO", "LatestConversations.DO\LatestConversations.DO.csproj", "{ABCC7944-A4B6-492B-909C-522861583967}"
EndProject
Project("{9A19103F-16F7-4668-BE54-9A1E7A4F7556}") = "LatestConversations.Service", "LatestConversations.Service\LatestConversations.Service.csproj", "{D3ABA23E-1AED-4E29-9082-1F84B4689B72}"
EndProject
Project("{FAE04EC0-301F-11D3-BF4B-00C04F79EFBC}") = "LatestConversations.Test", "LatestConversations.Test\LatestConversations.Test.csproj", "{DE85FB9F-06C4-41B8-8100-F4F52E85A793}"
EndProject
Global
	GlobalSection(SolutionConfigurationPlatforms) = preSolution
		Debug|Any CPU = Debug|Any CPU
		Release|Any CPU = Release|Any CPU
	EndGlobalSection
	GlobalSection(ProjectConfigurationPlatforms) = postSolution
		{1C1D29AE-3657-431F-9172-5FA6875E77C9}.Debug|Any CPU.ActiveCfg = Debug|Any CPU
		{1C1D29AE-3657-431F-9172-5FA6875E77C9}.Debug|Any CPU.Build.0 = Debug|Any CPU
		{1C1D29AE-3657-431F-9172-5FA6875E77C9}.Release|Any CPU.ActiveCfg = Release|Any CPU
		{1C1D29AE-3657-431F-9172-5FA6875E77C9}.Release|Any CPU.Build.0 = Release|Any CPU
		{ABCC7944-A4B6-492B-909C-522861583967}.Debug|Any CPU.ActiveCfg = Debug|Any CPU
		{ABCC7944-A4B6-492B-909C-522861583967}.Debug|Any CPU.Build.0 = Debug|Any CPU
		{ABCC7944-A4B6-492B-909C-522861583967}.Release|Any CPU.ActiveCfg = Release|Any CPU
		{ABCC7944-A4B6-492B-909C-522861583967}.Release|Any CPU.Build.0 = Release|Any CPU
		{D3ABA23E-1AED-4E29-9082-1F84B4689B72}.Debug|Any CPU.ActiveCfg = Debug|Any CPU
		{D3ABA23E-1AED-4E29-9082-1F84B4689B72}.Debug|Any CPU.Build.0 = Debug|Any CPU
		{D3ABA23E-1AED-4E29-9082-1F84B4689B72}.Release|Any CPU.ActiveCfg = Release|Any CPU
		{D3ABA23E-1AED-4E29-9082-1F84B4689B72}.Release|Any CPU.Build.0 = Release|Any CPU
		{DE85FB9F-06C4-41B8-8100-F4F52E85A793}.Debug|Any CPU.ActiveCfg = Debug|Any CPU
		{DE85FB9F-06C4-41B8-8100-F4F52E85A793}.Debug|Any CPU.Build.0 = Debug|Any CPU
		{DE85FB9F-06C4-41B8-8100-F4F52E85A793}.Release|Any CPU.ActiveCfg = Release|Any CPU
		{DE85FB9F-06C4-41B8-8100-F4F52E85A793}.Release|Any CPU.Build.0 = Release|Any CPU
	EndGlobalSection
	GlobalSection(SolutionProperties) = preSolution
		HideSolutionNode = FALSE
	EndGlobalSection
	GlobalSection(ExtensibilityGlobals) = postSolution
		SolutionGuid = {75023B8B-85DF-48C3-AFF9-D23421A9C2E0}
	EndGlobalSection
EndGlobal
